// !$*UTF8*$!
{
	archiveVersion = 1;
	classes = {
	};
	objectVersion = 46;
	objects = {

/* Begin PBXBuildFile section */
		4015A75C1C22E94000F3E276 /* AppDelegate.swift in Sources */ = {isa = PBXBuildFile; fileRef = 4015A75B1C22E94000F3E276 /* AppDelegate.swift */; };
		4015A75E1C22E94000F3E276 /* Assets.xcassets in Resources */ = {isa = PBXBuildFile; fileRef = 4015A75D1C22E94000F3E276 /* Assets.xcassets */; };
		4015A7611C22E94000F3E276 /* MainMenu.xib in Resources */ = {isa = PBXBuildFile; fileRef = 4015A75F1C22E94000F3E276 /* MainMenu.xib */; };
/* End PBXBuildFile section */

/* Begin PBXFileReference section */
		4015A7581C22E94000F3E276 /* BatClock.app */ = {isa = PBXFileReference; explicitFileType = wrapper.application; includeInIndex = 0; path = BatClock.app; sourceTree = BUILT_PRODUCTS_DIR; };
		4015A75B1C22E94000F3E276 /* AppDelegate.swift */ = {isa = PBXFileReference; lastKnownFileType = sourcecode.swift; path = AppDelegate.swift; sourceTree = "<group>"; };
		4015A75D1C22E94000F3E276 /* Assets.xcassets */ = {isa = PBXFileReference; lastKnownFileType = folder.assetcatalog; path = Assets.xcassets; sourceTree = "<group>"; };
		4015A7601C22E94000F3E276 /* Base */ = {isa = PBXFileReference; lastKnownFileType = file.xib; name = Base; path = Base.lproj/MainMenu.xib; sourceTree = "<group>"; };
		4015A7621C22E94000F3E276 /* Info.plist */ = {isa = PBXFileReference; lastKnownFileType = text.plist.xml; path = Info.plist; sourceTree = "<group>"; };
/* End PBXFileReference section */

/* Begin PBXFrameworksBuildPhase section */
		4015A7551C22E94000F3E276 /* Frameworks */ = {
			isa = PBXFrameworksBuildPhase;
			buildActionMask = 2147483647;
			files = (
			);
			runOnlyForDeploymentPostprocessing = 0;
		};
/* End PBXFrameworksBuildPhase section */

/* Begin PBXGroup section */
		4015A74F1C22E94000F3E276 = {
			isa = PBXGroup;
			children = (
				4015A75A1C22E94000F3E276 /* BatClock */,
				4015A7591C22E94000F3E276 /* Products */,
			);
			sourceTree = "<group>";
		};
		4015A7591C22E94000F3E276 /* Products */ = {
			isa = PBXGroup;
			children = (
				4015A7581C22E94000F3E276 /* BatClock.app */,
			);
			name = Products;
			sourceTree = "<group>";
		};
		4015A75A1C22E94000F3E276 /* BatClock */ = {
			isa = PBXGroup;
			children = (
				4015A75B1C22E94000F3E276 /* AppDelegate.swift */,
				4015A75D1C22E94000F3E276 /* Assets.xcassets */,
				4015A75F1C22E94000F3E276 /* MainMenu.xib */,
				4015A7621C22E94000F3E276 /* Info.plist */,
			);
			path = BatClock;
			sourceTree = "<group>";
		};
/* End PBXGroup section */

/* Begin PBXNativeTarget section */
		4015A7571C22E94000F3E276 /* BatClock */ = {
			isa = PBXNativeTarget;
			buildConfigurationList = 4015A7651C22E94000F3E276 /* Build configuration list for PBXNativeTarget "BatClock" */;
			buildPhases = (
				4015A7541C22E94000F3E276 /* Sources */,
				4015A7551C22E94000F3E276 /* Frameworks */,
				4015A7561C22E94000F3E276 /* Resources */,
			);
			buildRules = (
			);
			dependencies = (
			);
			name = BatClock;
			productName = BatClock;
			productReference = 4015A7581C22E94000F3E276 /* BatClock.app */;
			productType = "com.apple.product-type.application";
		};
/* End PBXNativeTarget section */

/* Begin PBXProject section */
		4015A7501C22E94000F3E276 /* Project object */ = {
			isa = PBXProject;
			attributes = {
				LastSwiftUpdateCheck = 0710;
				LastUpgradeCheck = 0710;
				ORGANIZATIONNAME = naotoida;
				TargetAttributes = {
					4015A7571C22E94000F3E276 = {
						CreatedOnToolsVersion = 7.1.1;
					};
				};
			};
			buildConfigurationList = 4015A7531C22E94000F3E276 /* Build configuration list for PBXProject "BatClock" */;
			compatibilityVersion = "Xcode 3.2";
			developmentRegion = English;
			hasScannedForEncodings = 0;
			knownRegions = (
				en,
				Base,
			);
			mainGroup = 4015A74F1C22E94000F3E276;
			productRefGroup = 4015A7591C22E94000F3E276 /* Products */;
			projectDirPath = "";
			projectRoot = "";
			targets = (
				4015A7571C22E94000F3E276 /* BatClock */,
			);
		};
/* End PBXProject section */

/* Begin PBXResourcesBuildPhase section */
		4015A7561C22E94000F3E276 /* Resources */ = {
			isa = PBXResourcesBuildPhase;
			buildActionMask = 2147483647;
			files = (
				4015A75E1C22E94000F3E276 /* Assets.xcassets in Resources */,
				4015A7611C22E94000F3E276 /* MainMenu.xib in Resources */,
			);
			runOnlyForDeploymentPostprocessing = 0;
		};
/* End PBXResourcesBuildPhase section */

/* Begin PBXSourcesBuildPhase section */
		4015A7541C22E94000F3E276 /* Sources */ = {
			isa = PBXSourcesBuildPhase;
			buildActionMask = 2147483647;
			files = (
				4015A75C1C22E94000F3E276 /* AppDelegate.swift in Sources */,
			);
			runOnlyForDeploymentPostprocessing = 0;
		};
/* End PBXSourcesBuildPhase section */

/* Begin PBXVariantGroup section */
		4015A75F1C22E94000F3E276 /* MainMenu.xib */ = {
			isa = PBXVariantGroup;
			children = (
				4015A7601C22E94000F3E276 /* Base */,
			);
			name = MainMenu.xib;
			sourceTree = "<group>";
		};
/* End PBXVariantGroup section */

/* Begin XCBuildConfiguration section */
		4015A7631C22E94000F3E276 /* Debug */ = {
			isa = XCBuildConfiguration;
			buildSettings = {
				ALWAYS_SEARCH_USER_PATHS = NO;
				CLANG_CXX_LANGUAGE_STANDARD = "gnu++0x";
				CLANG_CXX_LIBRARY = "libc++";
				CLANG_ENABLE_MODULES = YES;
				CLANG_ENABLE_OBJC_ARC = YES;
				CLANG_WARN_BOOL_CONVERSION = YES;
				CLANG_WARN_CONSTANT_CONVERSION = YES;
				CLANG_WARN_DIRECT_OBJC_ISA_USAGE = YES_ERROR;
				CLANG_WARN_EMPTY_BODY = YES;
				CLANG_WARN_ENUM_CONVERSION = YES;
				CLANG_WARN_INT_CONVERSION = YES;
				CLANG_WARN_OBJC_ROOT_CLASS = YES_ERROR;
				CLANG_WARN_UNREACHABLE_CODE = YES;
				CLANG_WARN__DUPLICATE_METHOD_MATCH = YES;
				CODE_SIGN_IDENTITY = "-";
				COPY_PHASE_STRIP = NO;
				DEBUG_INFORMATION_FORMAT = dwarf;
				ENABLE_STRICT_OBJC_MSGSEND = YES;
				ENABLE_TESTABILITY = YES;
				GCC_C_LANGUAGE_STANDARD = gnu99;
				GCC_DYNAMIC_NO_PIC = NO;
				GCC_NO_COMMON_BLOCKS = YES;
				GCC_OPTIMIZATION_LEVEL = 0;
				GCC_PREPROCESSOR_DEFINITIONS = (
					"DEBUG=1",
					"$(inherited)",
				);
				GCC_WARN_64_TO_32_BIT_CONVERSION = YES;
				GCC_WARN_ABOUT_RETURN_TYPE = YES_ERROR;
				GCC_WARN_UNDECLARED_SELECTOR = YES;
				GCC_WARN_UNINITIALIZED_AUTOS = YES_AGGRESSIVE;
				GCC_WARN_UNUSED_FUNCTION = YES;
				GCC_WARN_UNUSED_VARIABLE = YES;
				MACOSX_DEPLOYMENT_TARGET = 10.11;
				MTL_ENABLE_DEBUG_INFO = YES;
				ONLY_ACTIVE_ARCH = YES;
				SDKROOT = macosx;
				SWIFT_OPTIMIZATION_LEVEL = "-Onone";
			};
			name = Debug;
		};
		4015A7641C22E94000F3E276 /* Release */ = {
			isa = XCBuildConfiguration;
			buildSettings = {
				ALWAYS_SEARCH_USER_PATHS = NO;
				CLANG_CXX_LANGUAGE_STANDARD = "gnu++0x";
				CLANG_CXX_LIBRARY = "libc++";
				CLANG_ENABLE_MODULES = YES;
				CLANG_ENABLE_OBJC_ARC = YES;
				CLANG_WARN_BOOL_CONVERSION = YES;
				CLANG_WARN_CONSTANT_CONVERSION = YES;
				CLANG_WARN_DIRECT_OBJC_ISA_USAGE = YES_ERROR;
				CLANG_WARN_EMPTY_BODY = YES;
				CLANG_WARN_ENUM_CONVERSION = YES;
				CLANG_WARN_INT_CONVERSION = YES;
				CLANG_WARN_OBJC_ROOT_CLASS = YES_ERROR;
				CLANG_WARN_UNREACHABLE_CODE = YES;
				CLANG_WARN__DUPLICATE_METHOD_MATCH = YES;
				CODE_SIGN_IDENTITY = "-";
				COPY_PHASE_STRIP = NO;
				DEBUG_INFORMATION_FORMAT = "dwarf-with-dsym";
				ENABLE_NS_ASSERTIONS = NO;
				ENABLE_STRICT_OBJC_MSGSEND = YES;
				GCC_C_LANGUAGE_STANDARD = gnu99;
				GCC_NO_COMMON_BLOCKS = YES;
				GCC_WARN_64_TO_32_BIT_CONVERSION = YES;
				GCC_WARN_ABOUT_RETURN_TYPE = YES_ERROR;
				GCC_WARN_UNDECLARED_SELECTOR = YES;
				GCC_WARN_UNINITIALIZED_AUTOS = YES_AGGRESSIVE;
				GCC_WARN_UNUSED_FUNCTION = YES;
				GCC_WARN_UNUSED_VARIABLE = YES;
				MACOSX_DEPLOYMENT_TARGET = 10.11;
				MTL_ENABLE_DEBUG_INFO = NO;
				SDKROOT = macosx;
			};
			name = Release;
		};
		4015A7661C22E94000F3E276 /* Debug */ = {
			isa = XCBuildConfiguration;
			buildSettings = {
				ASSETCATALOG_COMPILER_APPICON_NAME = AppIcon;
				COMBINE_HIDPI_IMAGES = YES;
				INFOPLIST_FILE = BatClock/Info.plist;
				LD_RUNPATH_SEARCH_PATHS = "$(inherited) @executable_path/../Frameworks";
				PRODUCT_BUNDLE_IDENTIFIER = com.naotoida.BatClock;
				PRODUCT_NAME = "$(TARGET_NAME)";
			};
			name = Debug;
		};
		4015A7671C22E94000F3E276 /* Release */ = {
			isa = XCBuildConfiguration;
			buildSettings = {
				ASSETCATALOG_COMPILER_APPICON_NAME = AppIcon;
				COMBINE_HIDPI_IMAGES = YES;
				INFOPLIST_FILE = BatClock/Info.plist;
				LD_RUNPATH_SEARCH_PATHS = "$(inherited) @executable_path/../Frameworks";
				PRODUCT_BUNDLE_IDENTIFIER = com.naotoida.BatClock;
				PRODUCT_NAME = "$(TARGET_NAME)";
			};
			name = Release;
		};
/* End XCBuildConfiguration section */

/* Begin XCConfigurationList section */
		4015A7531C22E94000F3E276 /* Build configuration list for PBXProject "BatClock" */ = {
			isa = XCConfigurationList;
			buildConfigurations = (
				4015A7631C22E94000F3E276 /* Debug */,
				4015A7641C22E94000F3E276 /* Release */,
			);
			defaultConfigurationIsVisible = 0;
			defaultConfigurationName = Release;
		};
		4015A7651C22E94000F3E276 /* Build configuration list for PBXNativeTarget "BatClock" */ = {
			isa = XCConfigurationList;
			buildConfigurations = (
				4015A7661C22E94000F3E276 /* Debug */,
				4015A7671C22E94000F3E276 /* Release */,
			);
			defaultConfigurationIsVisible = 0;
		};
/* End XCConfigurationList section */
	};
	rootObject = 4015A7501C22E94000F3E276 /* Project object */;
}
